
Microsoft Visual Studio Solution File, Format Version 12.00
# Visual Studio Version 17
VisualStudioVersion = 17.9.34607.119
MinimumVisualStudioVersion = 10.0.40219.1
Project("{9A19103F-16F7-4668-BE54-9A1E7A4F7556}") = "StructureThermodynamicsOverhaulMod", "StructureThermodynamicsOverhaulMod.csproj", "{5B30C786-DC39-4269-B03F-2CA96BDDC0A7}"
EndProject
Global
	GlobalSection(SolutionConfigurationPlatforms) = preSolution
		Debug|Any CPU = Debug|Any CPU
		Release|Any CPU = Release|Any CPU
	EndGlobalSection
	GlobalSection(ProjectConfigurationPlatforms) = postSolution
		{5B30C786-DC39-4269-B03F-2CA96BDDC0A7}.Debug|Any CPU.ActiveCfg = Debug|Any CPU
		{5B30C786-DC39-4269-B03F-2CA96BDDC0A7}.Debug|Any CPU.Build.0 = Debug|Any CPU
		{5B30C786-DC39-4269-B03F-2CA96BDDC0A7}.Release|Any CPU.ActiveCfg = Release|Any CPU
		{5B30C786-DC39-4269-B03F-2CA96BDDC0A7}.Release|Any CPU.Build.0 = Release|Any CPU
	EndGlobalSection
	GlobalSection(SolutionProperties) = preSolution
		HideSolutionNode = FALSE
	EndGlobalSection
	GlobalSection(ExtensibilityGlobals) = postSolution
		SolutionGuid = {3E3AB92F-34E9-4546-96C6-B663ED5CE2AE}
	EndGlobalSection
EndGlobal
